
Microsoft Visual Studio Solution File, Format Version 12.00
# Visual Studio Version 17
VisualStudioVersion = 17.3.32811.315
MinimumVisualStudioVersion = 10.0.40219.1
Project("{FAE04EC0-301F-11D3-BF4B-00C04F79EFBC}") = "AVPZ_Lab05", "AVPZ_Lab05.csproj", "{62F48D2E-81B7-497C-9E89-80CD4E571A65}"
EndProject
Global
	GlobalSection(SolutionConfigurationPlatforms) = preSolution
		Debug|Any CPU = Debug|Any CPU
		Release|Any CPU = Release|Any CPU
	EndGlobalSection
	GlobalSection(ProjectConfigurationPlatforms) = postSolution
		{62F48D2E-81B7-497C-9E89-80CD4E571A65}.Debug|Any CPU.ActiveCfg = Debug|Any CPU
		{62F48D2E-81B7-497C-9E89-80CD4E571A65}.Debug|Any CPU.Build.0 = Debug|Any CPU
		{62F48D2E-81B7-497C-9E89-80CD4E571A65}.Release|Any CPU.ActiveCfg = Release|Any CPU
		{62F48D2E-81B7-497C-9E89-80CD4E571A65}.Release|Any CPU.Build.0 = Release|Any CPU
	EndGlobalSection
	GlobalSection(SolutionProperties) = preSolution
		HideSolutionNode = FALSE
	EndGlobalSection
	GlobalSection(ExtensibilityGlobals) = postSolution
		SolutionGuid = {54F224C2-04B3-4024-9694-4A6364A08E3C}
	EndGlobalSection
EndGlobal
